
Microsoft Visual Studio Solution File, Format Version 12.00
# Visual Studio Version 17
VisualStudioVersion = 17.10.34916.146
MinimumVisualStudioVersion = 10.0.40219.1
Project("{FAE04EC0-301F-11D3-BF4B-00C04F79EFBC}") = "BonVino_Grupo13", "BonVino_Grupo13\BonVino_Grupo13.csproj", "{5EE39B5F-5CCD-4917-BF47-58B32EE6EAE7}"
EndProject
Global
	GlobalSection(SolutionConfigurationPlatforms) = preSolution
		Debug|Any CPU = Debug|Any CPU
		Release|Any CPU = Release|Any CPU
	EndGlobalSection
	GlobalSection(ProjectConfigurationPlatforms) = postSolution
		{5EE39B5F-5CCD-4917-BF47-58B32EE6EAE7}.Debug|Any CPU.ActiveCfg = Debug|Any CPU
		{5EE39B5F-5CCD-4917-BF47-58B32EE6EAE7}.Debug|Any CPU.Build.0 = Debug|Any CPU
		{5EE39B5F-5CCD-4917-BF47-58B32EE6EAE7}.Release|Any CPU.ActiveCfg = Release|Any CPU
		{5EE39B5F-5CCD-4917-BF47-58B32EE6EAE7}.Release|Any CPU.Build.0 = Release|Any CPU
	EndGlobalSection
	GlobalSection(SolutionProperties) = preSolution
		HideSolutionNode = FALSE
	EndGlobalSection
	GlobalSection(ExtensibilityGlobals) = postSolution
		SolutionGuid = {A2A0D772-7A4C-4E90-92E9-99A56FCDA328}
	EndGlobalSection
EndGlobal
